
Microsoft Visual Studio Solution File, Format Version 12.00
# Visual Studio Version 17
VisualStudioVersion = 17.5.002.0
MinimumVisualStudioVersion = 10.0.40219.1
Project("{2150E333-8FDC-42A3-9474-1A3956D46DE8}") = "src", "src", "{87713429-65AE-4D71-A1AD-7A6B7665E75B}"
EndProject
Project("{9A19103F-16F7-4668-BE54-9A1E7A4F7556}") = "NADR.Cli", "src\NADR.Cli\NADR.Cli.csproj", "{77A71D04-E0FA-493E-A9C0-918529B3AD41}"
EndProject
Project("{9A19103F-16F7-4668-BE54-9A1E7A4F7556}") = "NADR.Domain", "src\NADR.Domain\NADR.Domain.csproj", "{EF8EA28E-B0EE-43ED-8297-B472D43FBB65}"
EndProject
Global
	GlobalSection(SolutionConfigurationPlatforms) = preSolution
		Debug|Any CPU = Debug|Any CPU
		Release|Any CPU = Release|Any CPU
	EndGlobalSection
	GlobalSection(ProjectConfigurationPlatforms) = postSolution
		{77A71D04-E0FA-493E-A9C0-918529B3AD41}.Debug|Any CPU.ActiveCfg = Debug|Any CPU
		{77A71D04-E0FA-493E-A9C0-918529B3AD41}.Debug|Any CPU.Build.0 = Debug|Any CPU
		{77A71D04-E0FA-493E-A9C0-918529B3AD41}.Release|Any CPU.ActiveCfg = Release|Any CPU
		{77A71D04-E0FA-493E-A9C0-918529B3AD41}.Release|Any CPU.Build.0 = Release|Any CPU
		{EF8EA28E-B0EE-43ED-8297-B472D43FBB65}.Debug|Any CPU.ActiveCfg = Debug|Any CPU
		{EF8EA28E-B0EE-43ED-8297-B472D43FBB65}.Debug|Any CPU.Build.0 = Debug|Any CPU
		{EF8EA28E-B0EE-43ED-8297-B472D43FBB65}.Release|Any CPU.ActiveCfg = Release|Any CPU
		{EF8EA28E-B0EE-43ED-8297-B472D43FBB65}.Release|Any CPU.Build.0 = Release|Any CPU
	EndGlobalSection
	GlobalSection(SolutionProperties) = preSolution
		HideSolutionNode = FALSE
	EndGlobalSection
	GlobalSection(NestedProjects) = preSolution
		{77A71D04-E0FA-493E-A9C0-918529B3AD41} = {87713429-65AE-4D71-A1AD-7A6B7665E75B}
		{EF8EA28E-B0EE-43ED-8297-B472D43FBB65} = {87713429-65AE-4D71-A1AD-7A6B7665E75B}
	EndGlobalSection
	GlobalSection(ExtensibilityGlobals) = postSolution
		SolutionGuid = {26800C01-E046-4533-B029-8E22C3E033F3}
	EndGlobalSection
EndGlobal
